
Microsoft Visual Studio Solution File, Format Version 12.00
# Visual Studio 14
VisualStudioVersion = 14.0.25420.1
MinimumVisualStudioVersion = 10.0.40219.1
Project("{FAE04EC0-301F-11D3-BF4B-00C04F79EFBC}") = "Clusterizer", "Clusterizer\Clusterizer.csproj", "{ED64C79D-3CEA-461F-829D-D3DF5812BD8B}"
EndProject
Project("{FAE04EC0-301F-11D3-BF4B-00C04F79EFBC}") = "ClusterizerTests", "ClusterizerTests\ClusterizerTests.csproj", "{46A8C6CC-3027-4BF2-BE68-A9702147B955}"
EndProject
Global
	GlobalSection(SolutionConfigurationPlatforms) = preSolution
		Debug|Any CPU = Debug|Any CPU
		Release|Any CPU = Release|Any CPU
	EndGlobalSection
	GlobalSection(ProjectConfigurationPlatforms) = postSolution
		{ED64C79D-3CEA-461F-829D-D3DF5812BD8B}.Debug|Any CPU.ActiveCfg = Debug|Any CPU
		{ED64C79D-3CEA-461F-829D-D3DF5812BD8B}.Debug|Any CPU.Build.0 = Debug|Any CPU
		{ED64C79D-3CEA-461F-829D-D3DF5812BD8B}.Release|Any CPU.ActiveCfg = Release|Any CPU
		{ED64C79D-3CEA-461F-829D-D3DF5812BD8B}.Release|Any CPU.Build.0 = Release|Any CPU
		{46A8C6CC-3027-4BF2-BE68-A9702147B955}.Debug|Any CPU.ActiveCfg = Debug|Any CPU
		{46A8C6CC-3027-4BF2-BE68-A9702147B955}.Debug|Any CPU.Build.0 = Debug|Any CPU
		{46A8C6CC-3027-4BF2-BE68-A9702147B955}.Release|Any CPU.ActiveCfg = Release|Any CPU
		{46A8C6CC-3027-4BF2-BE68-A9702147B955}.Release|Any CPU.Build.0 = Release|Any CPU
	EndGlobalSection
	GlobalSection(SolutionProperties) = preSolution
		HideSolutionNode = FALSE
	EndGlobalSection
EndGlobal
